
Microsoft Visual Studio Solution File, Format Version 12.00
# Visual Studio Version 17
VisualStudioVersion = 17.8.34525.116
MinimumVisualStudioVersion = 10.0.40219.1
Project("{FAE04EC0-301F-11D3-BF4B-00C04F79EFBC}") = "Arx", "Arx\Arx.csproj", "{9946BF50-AA9F-4419-B8DE-96425FC69009}"
EndProject
Global
	GlobalSection(SolutionConfigurationPlatforms) = preSolution
		Debug|Any CPU = Debug|Any CPU
		Release|Any CPU = Release|Any CPU
	EndGlobalSection
	GlobalSection(ProjectConfigurationPlatforms) = postSolution
		{9946BF50-AA9F-4419-B8DE-96425FC69009}.Debug|Any CPU.ActiveCfg = Debug|Any CPU
		{9946BF50-AA9F-4419-B8DE-96425FC69009}.Debug|Any CPU.Build.0 = Debug|Any CPU
		{9946BF50-AA9F-4419-B8DE-96425FC69009}.Release|Any CPU.ActiveCfg = Release|Any CPU
		{9946BF50-AA9F-4419-B8DE-96425FC69009}.Release|Any CPU.Build.0 = Release|Any CPU
	EndGlobalSection
	GlobalSection(SolutionProperties) = preSolution
		HideSolutionNode = FALSE
	EndGlobalSection
	GlobalSection(ExtensibilityGlobals) = postSolution
		SolutionGuid = {A4AE5B36-E844-4F29-A25E-BABFD6A57E62}
	EndGlobalSection
EndGlobal
